
Microsoft Visual Studio Solution File, Format Version 12.00
# Visual Studio 15
VisualStudioVersion = 15.0.27130.2020
MinimumVisualStudioVersion = 10.0.40219.1
Project("{FAE04EC0-301F-11D3-BF4B-00C04F79EFBC}") = "RedisWeb", "RedisWeb\RedisWeb.csproj", "{689E97ED-14A4-483B-B568-1F89FD3F4D72}"
EndProject
Project("{FAE04EC0-301F-11D3-BF4B-00C04F79EFBC}") = "RedisService", "RedisService\RedisService.csproj", "{46CD42DC-3058-40DA-AAA1-AC6E2423EAE4}"
EndProject
Global
	GlobalSection(SolutionConfigurationPlatforms) = preSolution
		Debug|Any CPU = Debug|Any CPU
		Release|Any CPU = Release|Any CPU
	EndGlobalSection
	GlobalSection(ProjectConfigurationPlatforms) = postSolution
		{689E97ED-14A4-483B-B568-1F89FD3F4D72}.Debug|Any CPU.ActiveCfg = Debug|Any CPU
		{689E97ED-14A4-483B-B568-1F89FD3F4D72}.Debug|Any CPU.Build.0 = Debug|Any CPU
		{689E97ED-14A4-483B-B568-1F89FD3F4D72}.Release|Any CPU.ActiveCfg = Release|Any CPU
		{689E97ED-14A4-483B-B568-1F89FD3F4D72}.Release|Any CPU.Build.0 = Release|Any CPU
		{46CD42DC-3058-40DA-AAA1-AC6E2423EAE4}.Debug|Any CPU.ActiveCfg = Debug|Any CPU
		{46CD42DC-3058-40DA-AAA1-AC6E2423EAE4}.Debug|Any CPU.Build.0 = Debug|Any CPU
		{46CD42DC-3058-40DA-AAA1-AC6E2423EAE4}.Release|Any CPU.ActiveCfg = Release|Any CPU
		{46CD42DC-3058-40DA-AAA1-AC6E2423EAE4}.Release|Any CPU.Build.0 = Release|Any CPU
	EndGlobalSection
	GlobalSection(SolutionProperties) = preSolution
		HideSolutionNode = FALSE
	EndGlobalSection
	GlobalSection(ExtensibilityGlobals) = postSolution
		SolutionGuid = {C4C3CAED-12D2-4C6B-AA0D-BB8B88EB31ED}
	EndGlobalSection
EndGlobal
